
Microsoft Visual Studio Solution File, Format Version 12.00
# Visual Studio Version 17
VisualStudioVersion = 17.9.34622.214
MinimumVisualStudioVersion = 10.0.40219.1
Project("{FAE04EC0-301F-11D3-BF4B-00C04F79EFBC}") = "WinFormsApp3", "WinFormsApp3\WinFormsApp3.csproj", "{7FADACAF-62D4-4481-BA12-F314CD6E545F}"
EndProject
Global
	GlobalSection(SolutionConfigurationPlatforms) = preSolution
		Debug|Any CPU = Debug|Any CPU
		Release|Any CPU = Release|Any CPU
	EndGlobalSection
	GlobalSection(ProjectConfigurationPlatforms) = postSolution
		{7FADACAF-62D4-4481-BA12-F314CD6E545F}.Debug|Any CPU.ActiveCfg = Debug|Any CPU
		{7FADACAF-62D4-4481-BA12-F314CD6E545F}.Debug|Any CPU.Build.0 = Debug|Any CPU
		{7FADACAF-62D4-4481-BA12-F314CD6E545F}.Release|Any CPU.ActiveCfg = Release|Any CPU
		{7FADACAF-62D4-4481-BA12-F314CD6E545F}.Release|Any CPU.Build.0 = Release|Any CPU
	EndGlobalSection
	GlobalSection(SolutionProperties) = preSolution
		HideSolutionNode = FALSE
	EndGlobalSection
	GlobalSection(ExtensibilityGlobals) = postSolution
		SolutionGuid = {1B11D82D-3BBB-4C90-8EED-B4AC784B72D5}
	EndGlobalSection
EndGlobal
